{"SurveyEntry":{"SurveyID":"SV_eyTn3ROqNWeg9vg","SurveyName":"Diversity and Inclusiveness Survey","SurveyDescription":null,"SurveyOwnerID":"UR_4NFqvusECknjBrw","SurveyBrandID":"utdallas","DivisionID":null,"SurveyLanguage":"EN","SurveyActiveResponseSet":"RS_eDLO6DyfKL18kAu","SurveyStatus":"Active","SurveyStartDate":"0000-00-00 00:00:00","SurveyExpirationDate":"0000-00-00 00:00:00","SurveyCreationDate":"2021-12-07 22:30:46","CreatorID":"UR_4NFqvusECknjBrw","LastModified":"2021-12-07 22:35:10","LastAccessed":"0000-00-00 00:00:00","LastActivated":"2021-12-07 22:34:24","Deleted":null},"SurveyElements":[{"SurveyID":"SV_eyTn3ROqNWeg9vg","Element":"BL","PrimaryAttribute":"Survey Blocks","SecondaryAttribute":null,"TertiaryAttribute":null,"Payload":{"0":{"Type":"Trash","Description":"Trash \/ Unused Questions","ID":"BL_5ptOd1irdZ8G4ZL","BlockElements":[]},"4":{"Type":"Standard","Description":"Diversity Block","ID":"BL_3Lau7j84MuA4Soe","BlockElements":[{"Type":"Question","QuestionID":"QID1713388236"},{"Type":"Question","QuestionID":"QID1713388249"},{"Type":"Question","QuestionID":"QID1713388250"},{"Type":"Question","QuestionID":"QID1713388251"}],"Options":{"BlockLocking":false,"RandomizeQuestions":"false"}},"5":{"Type":"Standard","SubType":"","Description":"DI Demographics Block","ID":"BL_0BwvuRsMqZHdgQm","BlockElements":[{"Type":"Question","QuestionID":"QID1713388246"},{"Type":"Question","QuestionID":"QID1713388247"},{"Type":"Question","QuestionID":"QID1713388248"}]},"6":{"Type":"Standard","SubType":"","Description":"Inclusiveness Block","ID":"BL_0v91YbwSzzqDfRY","BlockElements":[{"Type":"Question","QuestionID":"QID1713388252"},{"Type":"Question","QuestionID":"QID1713388253"},{"Type":"Question","QuestionID":"QID1713388237"},{"Type":"Question","QuestionID":"QID1713388238"},{"Type":"Question","QuestionID":"QID1713388239"},{"Type":"Question","QuestionID":"QID1713388240"},{"Type":"Question","QuestionID":"QID1713388241"},{"Type":"Question","QuestionID":"QID1713388242"},{"Type":"Question","QuestionID":"QID1713388243"},{"Type":"Question","QuestionID":"QID1713388244"},{"Type":"Question","QuestionID":"QID1713388245"}],"Options":{"BlockLocking":false,"RandomizeQuestions":"false"}},"7":{"Type":"Standard","SubType":"","Description":"Block 3","ID":"BL_dhRCAoy6nyahuRM","BlockElements":[{"Type":"Question","QuestionID":"QID74"},{"Type":"Question","QuestionID":"QID75"}]}}},{"SurveyID":"SV_eyTn3ROqNWeg9vg","Element":"FL","PrimaryAttribute":"Survey Flow","SecondaryAttribute":null,"TertiaryAttribute":null,"Payload":{"Flow":[{"ID":"BL_3Lau7j84MuA4Soe","Type":"Standard","FlowID":"FL_2"},{"ID":"BL_0v91YbwSzzqDfRY","Type":"Standard","FlowID":"FL_3"},{"ID":"BL_0BwvuRsMqZHdgQm","Type":"Standard","FlowID":"FL_4"},{"ID":"BL_dhRCAoy6nyahuRM","Type":"Standard","FlowID":"FL_5"}],"Properties":{"Count":5},"FlowID":"FL_1","Type":"Root"}},{"SurveyID":"SV_eyTn3ROqNWeg9vg","Element":"RS","PrimaryAttribute":"RS_eDLO6DyfKL18kAu","SecondaryAttribute":null,"TertiaryAttribute":null,"Payload":null},{"SurveyID":"SV_eyTn3ROqNWeg9vg","Element":"SO","PrimaryAttribute":"Survey Options","SecondaryAttribute":null,"TertiaryAttribute":null,"Payload":{"BackButton":"false","SaveAndContinue":"true","SurveyProtection":"PublicSurvey","BallotBoxStuffingPrevention":"false","NoIndex":"Yes","SurveyExpiration":"None","SurveyTermination":"DefaultMessage","Header":"","Footer":"","ProgressBarDisplay":"None","PartialData":"+1 week","ValidationMessage":null,"PreviousButton":"  <<  ","NextButton":"  >>  ","SkinLibrary":"utdallas","SkinType":"MQ","Skin":"skin2","NewScoring":1,"SurveyTitle":"Qualtrics Survey | Qualtrics Experience Management","SurveyName":"Diversity and Inclusiveness Survey","EOSMessage":null,"ShowExportTags":"false","CollectGeoLocation":"false","SurveyMetaDescription":"The most powerful, simple and trusted way to gather experience data. Start your journey to experience management and try a free account today.","PasswordProtection":"No","AnonymizeResponse":"No","RefererCheck":"No","SecureResponseFiles":"false","UseCustomSurveyLinkCompletedMessage":null,"SurveyLinkCompletedMessage":null,"SurveyLinkCompletedMessageLibrary":null,"ResponseSummary":"No","EOSMessageLibrary":null,"EOSRedirectURL":null,"EmailThankYou":"false","ThankYouEmailMessageLibrary":null,"ThankYouEmailMessage":null,"ValidateMessage":"false","ValidationMessageLibrary":null,"InactiveSurvey":null,"PartialDeletion":null,"PartialDataCloseAfter":"LastActivity","InactiveMessageLibrary":null,"InactiveMessage":null,"AvailableLanguages":{"EN":[]}}},{"SurveyID":"SV_eyTn3ROqNWeg9vg","Element":"SCO","PrimaryAttribute":"Scoring","SecondaryAttribute":null,"TertiaryAttribute":null,"Payload":{"ScoringCategories":[],"ScoringCategoryGroups":[],"ScoringSummaryCategory":null,"ScoringSummaryAfterQuestions":0,"ScoringSummaryAfterSurvey":0,"DefaultScoringCategory":null,"AutoScoringCategory":null}},{"SurveyID":"SV_eyTn3ROqNWeg9vg","Element":"PROJ","PrimaryAttribute":"CORE","SecondaryAttribute":null,"TertiaryAttribute":"1.1.0","Payload":{"ProjectCategory":"CORE","SchemaVersion":"1.1.0"}},{"SurveyID":"SV_eyTn3ROqNWeg9vg","Element":"STAT","PrimaryAttribute":"Survey Statistics","SecondaryAttribute":null,"TertiaryAttribute":null,"Payload":{"MobileCompatible":true,"ID":"Survey Statistics"}},{"SurveyID":"SV_eyTn3ROqNWeg9vg","Element":"QC","PrimaryAttribute":"Survey Question Count","SecondaryAttribute":"75","TertiaryAttribute":null,"Payload":null},{"SurveyID":"SV_eyTn3ROqNWeg9vg","Element":"SQ","PrimaryAttribute":"QID1713388253","SecondaryAttribute":"Do you feel that employees of different backgrounds are encouraged to apply for higher positions...","TertiaryAttribute":null,"Payload":{"QuestionText":"Do you feel that employees of different backgrounds are encouraged to apply for higher positions at this organization?","DataExportTag":"Q9","QuestionType":"MC","Selector":"SAVR","SubSelector":"TX","Configuration":{"QuestionDescriptionOption":"UseText"},"QuestionDescription":"Do you feel that employees of different backgrounds are encouraged to apply for higher positions...","Choices":{"1":{"Display":"Definitely yes"},"2":{"Display":"Probably yes"},"3":{"Display":"Might or might not be"},"4":{"Display":"Probably not"},"5":{"Display":"Definitely not"}},"ChoiceOrder":[1,2,3,4,5],"Validation":{"Settings":{"ForceResponse":"OFF","ForceResponseType":"ON","Type":"None"}},"Language":[],"QuestionText_Unsafe":"Do you feel that employees of different backgrounds are encouraged to apply for higher positions at this organization?","QuestionID":"QID1713388253"}},{"SurveyID":"SV_eyTn3ROqNWeg9vg","Element":"SQ","PrimaryAttribute":"QID1713388251","SecondaryAttribute":"How accepting is your organization of individual differences amongst employees?","TertiaryAttribute":null,"Payload":{"QuestionText":"How accepting is your organization of individual differences amongst employees?","DataExportTag":"Q7","QuestionType":"MC","Selector":"SAVR","SubSelector":"TX","Configuration":{"QuestionDescriptionOption":"UseText"},"QuestionDescription":"How accepting is your organization of individual differences amongst employees?","Choices":{"1":{"Display":"Extremely accepting"},"2":{"Display":"Very accepting"},"3":{"Display":"Moderately accepting"},"4":{"Display":"Slightly accepting"},"5":{"Display":"Not accepting at al"}},"ChoiceOrder":[1,2,3,4,5],"Validation":{"Settings":{"ForceResponse":"OFF","ForceResponseType":"ON","Type":"None"}},"Language":[],"QuestionText_Unsafe":"How accepting is your organization of individual differences amongst employees?","QuestionID":"QID1713388251"}},{"SurveyID":"SV_eyTn3ROqNWeg9vg","Element":"SQ","PrimaryAttribute":"QID1713388236","SecondaryAttribute":"How long have you worked at this organization?","TertiaryAttribute":null,"Payload":{"QuestionText":"How long have you worked at this organization?","DataExportTag":"Q1","QuestionType":"MC","Selector":"SAVR","SubSelector":"TX","Configuration":{"QuestionDescriptionOption":"UseText"},"QuestionDescription":"How long have you worked at this organization?","Choices":{"1":{"Display":"Less than 1 year"},"2":{"Display":"Less than 2 years"},"3":{"Display":"Less than 3 years"},"4":{"Display":"Less than 5 years"},"5":{"Display":"Less than 10 years"},"6":{"Display":"More than 10 years"}},"ChoiceOrder":[1,2,3,4,5,6],"Validation":{"Settings":{"ForceResponse":"OFF","ForceResponseType":"ON","Type":"None"}},"Language":[],"QuestionText_Unsafe":"How long have you worked at this organization?","QuestionID":"QID1713388236"}},{"SurveyID":"SV_eyTn3ROqNWeg9vg","Element":"SQ","PrimaryAttribute":"QID1713388240","SecondaryAttribute":"How open is this organization to the expression of individual ideas?","TertiaryAttribute":null,"Payload":{"QuestionText":"How open is this organization to the expression of individual ideas?","DataExportTag":"Q13","QuestionType":"MC","Selector":"SAVR","SubSelector":"TX","Configuration":{"QuestionDescriptionOption":"UseText"},"QuestionDescription":"How open is this organization to the expression of individual ideas?","Choices":{"1":{"Display":"Extremely open"},"2":{"Display":"Very open"},"3":{"Display":"Moderately open"},"4":{"Display":"Slightly open"},"5":{"Display":"Not open at all"}},"ChoiceOrder":[1,2,3,4,5],"Validation":{"Settings":{"ForceResponse":"OFF","ForceResponseType":"ON","Type":"None"}},"Language":[],"QuestionText_Unsafe":"How open is this organization to the expression of individual ideas?","QuestionID":"QID1713388240"}},{"SurveyID":"SV_eyTn3ROqNWeg9vg","Element":"SQ","PrimaryAttribute":"QID1713388252","SecondaryAttribute":"How promising are your career prospects within this organization?","TertiaryAttribute":null,"Payload":{"QuestionText":"How promising are your career prospects within this organization?","DataExportTag":"Q8","QuestionType":"MC","Selector":"SAVR","SubSelector":"TX","Configuration":{"QuestionDescriptionOption":"UseText"},"QuestionDescription":"How promising are your career prospects within this organization?","Choices":{"1":{"Display":"Extremely promising"},"2":{"Display":"Very promising"},"3":{"Display":"Moderately promising"},"4":{"Display":"Slightly promising"},"5":{"Display":"Not promising at all"}},"ChoiceOrder":[1,2,3,4,5],"Validation":{"Settings":{"ForceResponse":"OFF","ForceResponseType":"ON","Type":"None"}},"Language":[],"QuestionText_Unsafe":"How promising are your career prospects within this organization?","QuestionID":"QID1713388252"}},{"SurveyID":"SV_eyTn3ROqNWeg9vg","Element":"SQ","PrimaryAttribute":"QID1713388250","SecondaryAttribute":"How would you rate the diversity in this organization compared to other organizations in your ind...","TertiaryAttribute":null,"Payload":{"QuestionText":"How would you rate the diversity in this organization compared to other organizations in your industry?","DataExportTag":"Q6","QuestionType":"MC","Selector":"SAVR","SubSelector":"TX","Configuration":{"QuestionDescriptionOption":"UseText"},"QuestionDescription":"How would you rate the diversity in this organization compared to other organizations in your ind...","Choices":{"1":{"Display":"More diverse than other organizations in my industry"},"2":{"Display":"Equal level of diversity compared to other other organizations in my industry"},"3":{"Display":"Less diverse than other organizations in my industry"}},"ChoiceOrder":[1,2,3],"Validation":{"Settings":{"ForceResponse":"OFF","ForceResponseType":"ON","Type":"None"}},"Language":[],"QuestionText_Unsafe":"How would you rate the diversity in this organization compared to other organizations in your industry?","QuestionID":"QID1713388250"}},{"SurveyID":"SV_eyTn3ROqNWeg9vg","Element":"SQ","PrimaryAttribute":"QID75","SecondaryAttribute":"Information about income is very important to understand. \u00a0Would you please give your best guess?..","TertiaryAttribute":null,"Payload":{"QuestionText":"<p>Information about income is very important to understand. &nbsp;Would you please give your best guess?<\/p>Please indicate the answer that includes your entire household income in (previous year) before taxes.","DataExportTag":"Q20","QuestionType":"MC","Selector":"SAVR","SubSelector":"TX","DataVisibility":{"Private":false,"Hidden":false},"Configuration":{"QuestionDescriptionOption":"UseText"},"QuestionDescription":"Information about income is very important to understand. \u00a0Would you please give your best guess?...","Choices":{"1":{"Display":"Less than $10,000"},"2":{"Display":"$10,000 to $19,999"},"3":{"Display":"$20,000 to $29,999"},"4":{"Display":"$30,000 to $39,999"},"5":{"Display":"$40,000 to $49,999"},"6":{"Display":"$50,000 to $59,999"},"7":{"Display":"$60,000 to $69,999"},"8":{"Display":"$70,000 to $79,999"},"9":{"Display":"$80,000 to $89,999"},"10":{"Display":"$90,000 to $99,999"},"11":{"Display":"$100,000 to $149,999"},"12":{"Display":"$150,000 or more"}},"ChoiceOrder":[1,2,3,4,5,6,7,8,9,10,11,12],"Validation":{"Settings":{"ForceResponse":"OFF","ForceResponseType":"ON","Type":"None"}},"Language":[],"NextChoiceId":13,"NextAnswerId":1,"QuestionID":"QID75"}},{"SurveyID":"SV_eyTn3ROqNWeg9vg","Element":"SQ","PrimaryAttribute":"QID1713388237","SecondaryAttribute":"Overall, how valued do you feel in your organization?","TertiaryAttribute":null,"Payload":{"QuestionText":"Overall, how valued do you feel in your organization?","DataExportTag":"Q10","QuestionType":"MC","Selector":"SAVR","SubSelector":"TX","Configuration":{"QuestionDescriptionOption":"UseText"},"QuestionDescription":"Overall, how valued do you feel in your organization?","Choices":{"1":{"Display":"Extremely valued"},"2":{"Display":"Very valued"},"3":{"Display":"Moderately valued"},"4":{"Display":"Slightly valued"},"5":{"Display":"Not valued at all"}},"ChoiceOrder":[1,2,3,4,5],"Validation":{"Settings":{"ForceResponse":"OFF","ForceResponseType":"ON","Type":"None"}},"Language":[],"QuestionText_Unsafe":"Overall, how valued do you feel in your organization?","QuestionID":"QID1713388237"}},{"SurveyID":"SV_eyTn3ROqNWeg9vg","Element":"SQ","PrimaryAttribute":"QID1713388241","SecondaryAttribute":"To what extent are employees of different ages valued equally by this organization?","TertiaryAttribute":null,"Payload":{"QuestionText":"To what extent are employees of different ages valued equally by this organization?","DataExportTag":"Q15","QuestionType":"MC","Selector":"SAVR","SubSelector":"TX","Configuration":{"QuestionDescriptionOption":"UseText"},"QuestionDescription":"To what extent are employees of different ages valued equally by this organization?","Choices":{"1":{"Display":"A great deal"},"2":{"Display":"A lot"},"3":{"Display":"A moderate amount"},"4":{"Display":"A little"},"5":{"Display":"Not at all"}},"ChoiceOrder":[1,2,3,4,5],"Validation":{"Settings":{"ForceResponse":"OFF","ForceResponseType":"ON","Type":"None"}},"Language":[],"QuestionText_Unsafe":"To what extent are employees of different ages valued equally by this organization?","QuestionID":"QID1713388241"}},{"SurveyID":"SV_eyTn3ROqNWeg9vg","Element":"SQ","PrimaryAttribute":"QID1713388242","SecondaryAttribute":"To what extent are employees of different genders valued equally by this organization?","TertiaryAttribute":null,"Payload":{"QuestionText":"To what extent are employees of different genders valued equally by this organization?","DataExportTag":"Q16","QuestionType":"MC","Selector":"SAVR","SubSelector":"TX","Configuration":{"QuestionDescriptionOption":"UseText"},"QuestionDescription":"To what extent are employees of different genders valued equally by this organization?","Choices":{"1":{"Display":"A great deal"},"2":{"Display":"A lot"},"3":{"Display":"A moderate amount"},"4":{"Display":"A little"},"5":{"Display":"Not at all"}},"ChoiceOrder":[1,2,3,4,5],"Validation":{"Settings":{"ForceResponse":"OFF","ForceResponseType":"ON","Type":"None"}},"Language":[],"QuestionText_Unsafe":"To what extent are employees of different genders valued equally by this organization?","QuestionID":"QID1713388242"}},{"SurveyID":"SV_eyTn3ROqNWeg9vg","Element":"SQ","PrimaryAttribute":"QID1713388243","SecondaryAttribute":"To what extent are employees of different races valued equally by this organization?","TertiaryAttribute":null,"Payload":{"QuestionText":"To what extent are employees of different races valued equally by this organization?","DataExportTag":"Q17","QuestionType":"MC","Selector":"SAVR","SubSelector":"TX","Configuration":{"QuestionDescriptionOption":"UseText"},"QuestionDescription":"To what extent are employees of different races valued equally by this organization?","Choices":{"1":{"Display":"A great deal"},"2":{"Display":"A lot"},"3":{"Display":"A moderate amount"},"4":{"Display":"A little"},"5":{"Display":"Not at all"}},"ChoiceOrder":[1,2,3,4,5],"Validation":{"Settings":{"ForceResponse":"OFF","ForceResponseType":"ON","Type":"None"}},"Language":[],"QuestionText_Unsafe":"To what extent are employees of different races valued equally by this organization?","QuestionID":"QID1713388243"}},{"SurveyID":"SV_eyTn3ROqNWeg9vg","Element":"SQ","PrimaryAttribute":"QID1713388244","SecondaryAttribute":"To what extent are you able to truly express your individual ideas at work?","TertiaryAttribute":null,"Payload":{"QuestionText":"To what extent are you able to truly express your individual ideas at work?","DataExportTag":"Q18","QuestionType":"MC","Selector":"SAVR","SubSelector":"TX","Configuration":{"QuestionDescriptionOption":"UseText"},"QuestionDescription":"To what extent are you able to truly express your individual ideas at work?","Choices":{"1":{"Display":"A great deal"},"2":{"Display":"A lot"},"3":{"Display":"A moderate amount"},"4":{"Display":"A little"},"5":{"Display":"Not at all"}},"ChoiceOrder":[1,2,3,4,5],"Validation":{"Settings":{"ForceResponse":"OFF","ForceResponseType":"ON","Type":"None"}},"Language":[],"QuestionText_Unsafe":"To what extent are you able to truly express your individual ideas at work?","QuestionID":"QID1713388244"}},{"SurveyID":"SV_eyTn3ROqNWeg9vg","Element":"SQ","PrimaryAttribute":"QID1713388238","SecondaryAttribute":"To what extent do you feel that your opinion is valued by your manager?","TertiaryAttribute":null,"Payload":{"QuestionText":"To what extent do you feel that your opinion is valued by your manager?","DataExportTag":"Q11","QuestionType":"MC","Selector":"SAVR","SubSelector":"TX","Configuration":{"QuestionDescriptionOption":"UseText"},"QuestionDescription":"To what extent do you feel that your opinion is valued by your manager?","Choices":{"1":{"Display":"Extremely valued"},"2":{"Display":"Very valued"},"3":{"Display":"Moderately valued"},"4":{"Display":"Slightly valued"},"5":{"Display":"Not valued at all"}},"ChoiceOrder":[1,2,3,4,5],"Validation":{"Settings":{"ForceResponse":"OFF","ForceResponseType":"ON","Type":"None"}},"Language":[],"QuestionText_Unsafe":"To what extent do you feel that your opinion is valued by your manager?","QuestionID":"QID1713388238"}},{"SurveyID":"SV_eyTn3ROqNWeg9vg","Element":"SQ","PrimaryAttribute":"QID1713388239","SecondaryAttribute":"To what extent do you feel that your opinion is valued by your members of your team?","TertiaryAttribute":null,"Payload":{"QuestionText":"To what extent do you feel that your opinion is valued by your members of your team?","DataExportTag":"Q12","QuestionType":"MC","Selector":"SAVR","SubSelector":"TX","Configuration":{"QuestionDescriptionOption":"UseText"},"QuestionDescription":"To what extent do you feel that your opinion is valued by your members of your team?","Choices":{"1":{"Display":"Extremely valued"},"2":{"Display":"Very valued"},"3":{"Display":"Moderately valued"},"4":{"Display":"Slightly valued"},"5":{"Display":"Not valued at all"},"6":{"Display":"I do not work on a team"}},"ChoiceOrder":[1,2,3,4,5,6],"Validation":{"Settings":{"ForceResponse":"OFF","ForceResponseType":"ON","Type":"None"}},"Language":[],"QuestionText_Unsafe":"To what extent do you feel that your opinion is valued by your members of your team?","QuestionID":"QID1713388239"}},{"SurveyID":"SV_eyTn3ROqNWeg9vg","Element":"SQ","PrimaryAttribute":"QID1713388245","SecondaryAttribute":"What can be done to improve feelings of inclusiveness at this organization?","TertiaryAttribute":null,"Payload":{"QuestionText":"What can be done to improve feelings of inclusiveness at this organization?","DefaultChoices":false,"DataExportTag":"Q19","QuestionType":"TE","Selector":"ML","Configuration":{"QuestionDescriptionOption":"UseText"},"QuestionDescription":"What can be done to improve feelings of inclusiveness at this organization?","Validation":{"Settings":{"ForceResponse":"OFF","ForceResponseType":"ON","Type":"None"}},"GradingData":[],"Language":[],"QuestionText_Unsafe":"What can be done to improve feelings of inclusiveness at this organization?","QuestionID":"QID1713388245"}},{"SurveyID":"SV_eyTn3ROqNWeg9vg","Element":"SQ","PrimaryAttribute":"QID74","SecondaryAttribute":"What is the highest level of school you have completed or the highest degree you have received? ","TertiaryAttribute":null,"Payload":{"QuestionText":"What is the highest level of school you have completed or the highest degree you have received?&nbsp;","DataExportTag":"Q19","QuestionType":"MC","Selector":"SAVR","SubSelector":"TX","DataVisibility":{"Private":false,"Hidden":false},"Configuration":{"QuestionDescriptionOption":"UseText"},"QuestionDescription":"What is the highest level of school you have completed or the highest degree you have received? ","Choices":{"1":{"Display":"Less than high school degree"},"2":{"Display":"High school graduate (high school diploma or equivalent including GED)"},"3":{"Display":"Some college but no degree"},"4":{"Display":"Associate degree in college (2-year)"},"5":{"Display":"Bachelor's degree in college (4-year)"},"6":{"Display":"Master's degree"},"7":{"Display":"Doctoral degree"},"8":{"Display":"Professional degree (JD, MD)"}},"ChoiceOrder":[1,2,3,4,5,6,7,8],"Validation":{"Settings":{"ForceResponse":"OFF","ForceResponseType":"ON","Type":"None"}},"Language":[],"NextChoiceId":9,"NextAnswerId":1,"QuestionID":"QID74"}},{"SurveyID":"SV_eyTn3ROqNWeg9vg","Element":"SQ","PrimaryAttribute":"QID1713388246","SecondaryAttribute":"What is your age?","TertiaryAttribute":null,"Payload":{"QuestionText":"What is your age?","DataExportTag":"Q2","QuestionType":"MC","Selector":"SAVR","SubSelector":"TX","Configuration":{"QuestionDescriptionOption":"UseText"},"QuestionDescription":"What is your age?","Choices":{"1":{"Display":"Under 21"},"2":{"Display":"21-34"},"3":{"Display":"35-44"},"4":{"Display":"45-54"},"5":{"Display":"55-64"},"6":{"Display":"65+"}},"ChoiceOrder":[1,2,3,4,5,6],"Validation":{"Settings":{"ForceResponse":"OFF","ForceResponseType":"ON","Type":"None"}},"Language":[],"QuestionText_Unsafe":"What is your age?","QuestionID":"QID1713388246"}},{"SurveyID":"SV_eyTn3ROqNWeg9vg","Element":"SQ","PrimaryAttribute":"QID1713388247","SecondaryAttribute":"What is your gender?","TertiaryAttribute":null,"Payload":{"QuestionText":"What is your gender?","DataExportTag":"Q3","QuestionType":"MC","Selector":"SAVR","SubSelector":"TX","Configuration":{"QuestionDescriptionOption":"UseText"},"QuestionDescription":"What is your gender?","Choices":{"1":{"Display":"Male"},"2":{"Display":"Female"}},"ChoiceOrder":[1,2],"Validation":{"Settings":{"ForceResponse":"OFF","ForceResponseType":"ON","Type":"None"}},"Language":[],"QuestionText_Unsafe":"What is your gender?","QuestionID":"QID1713388247"}},{"SurveyID":"SV_eyTn3ROqNWeg9vg","Element":"SQ","PrimaryAttribute":"QID1713388249","SecondaryAttribute":"Which of the following best describes your role within the organization?","TertiaryAttribute":null,"Payload":{"QuestionText":"Which of the following best describes your role within the organization?","DataExportTag":"Q5","QuestionType":"MC","Selector":"SAVR","SubSelector":"TX","Configuration":{"QuestionDescriptionOption":"UseText"},"QuestionDescription":"Which of the following best describes your role within the organization?","Choices":{"1":{"Display":"First level manager\/supervisor"},"2":{"Display":"Manager\/supervisor higher than first level (senior leadership included)"},"3":{"Display":"Not a manager or supervisor"}},"ChoiceOrder":["1","2","3"],"Validation":{"Settings":{"ForceResponse":"OFF","ForceResponseType":"ON","Type":"None"}},"Language":[],"QuestionText_Unsafe":"Which of the following best describes your role within the organization?","QuestionID":"QID1713388249"}},{"SurveyID":"SV_eyTn3ROqNWeg9vg","Element":"SQ","PrimaryAttribute":"QID1713388248","SecondaryAttribute":"Which of the following races do you consider yourself to be? (select all that apply)","TertiaryAttribute":null,"Payload":{"QuestionText":"Which of the following races do you consider yourself to be? &nbsp;(select all that apply)","DataExportTag":"Q4","QuestionType":"MC","Selector":"MAVR","SubSelector":"TX","Configuration":{"QuestionDescriptionOption":"UseText"},"QuestionDescription":"Which of the following races do you consider yourself to be? (select all that apply)","Choices":{"1":{"Display":"White or Cacasian"},"2":{"Display":"Black or African American"},"3":{"Display":"American Indian or Alaska Native"},"4":{"Display":"Asian"},"5":{"Display":"Native Hawaiian or Pacific Islander"},"6":{"Display":"Other (specify)","TextEntry":"true"}},"ChoiceOrder":[1,2,3,4,5,6],"Validation":{"Settings":{"ForceResponse":"OFF","ForceResponseType":"ON","Type":"None"}},"Language":[],"QuestionText_Unsafe":"Which of the following races do you consider yourself to be? &nbsp;(select all that apply)","QuestionID":"QID1713388248"}}]}